{
  "requires": true,
  "lockfileVersion": 1,
  "dependencies": {
    "vant-weapp": {
      "version": "0.1.0",
      "resolved": "https://registry.npmjs.org/vant-weapp/-/vant-weapp-0.1.0.tgz",
      "integrity": "sha512-x6d9k2RhJroPCy+Upvwo/Pn9bX151kqYdnh4ophLeRRtbwqZhaoVNZiVqLlhz2AKGxDlOEK0WzV537Oqp5KU2A=="
    }
  }
}
